
Microsoft Visual Studio Solution File, Format Version 12.00
# Visual Studio Version 16
VisualStudioVersion = 16.0.30717.126
MinimumVisualStudioVersion = 10.0.40219.1
Project("{9A19103F-16F7-4668-BE54-9A1E7A4F7556}") = "SuncorR2P", "SuncorR2P.csproj", "{262B70E5-73A1-4822-94DA-AE81749BD64E}"
EndProject
Global
	GlobalSection(SolutionConfigurationPlatforms) = preSolution
		Debug|Any CPU = Debug|Any CPU
		Release|Any CPU = Release|Any CPU
	EndGlobalSection
	GlobalSection(ProjectConfigurationPlatforms) = postSolution
		{262B70E5-73A1-4822-94DA-AE81749BD64E}.Debug|Any CPU.ActiveCfg = Debug|Any CPU
		{262B70E5-73A1-4822-94DA-AE81749BD64E}.Debug|Any CPU.Build.0 = Debug|Any CPU
		{262B70E5-73A1-4822-94DA-AE81749BD64E}.Release|Any CPU.ActiveCfg = Release|Any CPU
		{262B70E5-73A1-4822-94DA-AE81749BD64E}.Release|Any CPU.Build.0 = Release|Any CPU
	EndGlobalSection
	GlobalSection(SolutionProperties) = preSolution
		HideSolutionNode = FALSE
	EndGlobalSection
	GlobalSection(ExtensibilityGlobals) = postSolution
		SolutionGuid = {BAC1A5F6-001F-4D09-8B91-41B3B0DFF299}
	EndGlobalSection
EndGlobal
