
Microsoft Visual Studio Solution File, Format Version 12.00
# Visual Studio Version 16
VisualStudioVersion = 16.0.29728.190
MinimumVisualStudioVersion = 10.0.40219.1
Project("{9A19103F-16F7-4668-BE54-9A1E7A4F7556}") = "STransform", "STransform.csproj", "{301DECAA-810F-434F-A7D9-443403474452}"
EndProject
Project("{9A19103F-16F7-4668-BE54-9A1E7A4F7556}") = "R2PTransformationNUnit", "..\R2PTransformationNUnit\R2PTransformationNUnit.csproj", "{66F1A138-DEEB-4291-9499-037CFF2FE756}"
	ProjectSection(ProjectDependencies) = postProject
		{301DECAA-810F-434F-A7D9-443403474452} = {301DECAA-810F-434F-A7D9-443403474452}
	EndProjectSection
EndProject
Project("{9A19103F-16F7-4668-BE54-9A1E7A4F7556}") = "R2PTransformation", "R2PTransformation.csproj", "{DCB8FCC4-C88A-4EDD-88EA-4377557A4EF2}"
EndProject
Global
	GlobalSection(SolutionConfigurationPlatforms) = preSolution
		Debug|Any CPU = Debug|Any CPU
		Release|Any CPU = Release|Any CPU
	EndGlobalSection
	GlobalSection(ProjectConfigurationPlatforms) = postSolution
		{301DECAA-810F-434F-A7D9-443403474452}.Debug|Any CPU.ActiveCfg = Debug|Any CPU
		{301DECAA-810F-434F-A7D9-443403474452}.Debug|Any CPU.Build.0 = Debug|Any CPU
		{301DECAA-810F-434F-A7D9-443403474452}.Release|Any CPU.ActiveCfg = Release|Any CPU
		{301DECAA-810F-434F-A7D9-443403474452}.Release|Any CPU.Build.0 = Release|Any CPU
		{66F1A138-DEEB-4291-9499-037CFF2FE756}.Debug|Any CPU.ActiveCfg = Debug|Any CPU
		{66F1A138-DEEB-4291-9499-037CFF2FE756}.Debug|Any CPU.Build.0 = Debug|Any CPU
		{66F1A138-DEEB-4291-9499-037CFF2FE756}.Release|Any CPU.ActiveCfg = Release|Any CPU
		{66F1A138-DEEB-4291-9499-037CFF2FE756}.Release|Any CPU.Build.0 = Release|Any CPU
		{DCB8FCC4-C88A-4EDD-88EA-4377557A4EF2}.Debug|Any CPU.ActiveCfg = Debug|Any CPU
		{DCB8FCC4-C88A-4EDD-88EA-4377557A4EF2}.Debug|Any CPU.Build.0 = Debug|Any CPU
		{DCB8FCC4-C88A-4EDD-88EA-4377557A4EF2}.Release|Any CPU.ActiveCfg = Release|Any CPU
		{DCB8FCC4-C88A-4EDD-88EA-4377557A4EF2}.Release|Any CPU.Build.0 = Release|Any CPU
	EndGlobalSection
	GlobalSection(SolutionProperties) = preSolution
		HideSolutionNode = FALSE
	EndGlobalSection
	GlobalSection(ExtensibilityGlobals) = postSolution
		SolutionGuid = {BC09A8CE-5711-4113-95E7-1E95E0282FFC}
	EndGlobalSection
EndGlobal
